
Microsoft Visual Studio Solution File, Format Version 12.00
# Visual Studio 15
VisualStudioVersion = 15.0.28010.2016
MinimumVisualStudioVersion = 10.0.40219.1
Project("{8BC9CEB8-8B4A-11D0-8D11-00A0C91BC942}") = "PowerBlockWinIoT", "PowerBlockWinIoT\PowerBlockWinIoT.vcxproj", "{CA183E6F-3035-4F6F-8CF5-3F9FD13706E7}"
EndProject
Global
	GlobalSection(SolutionConfigurationPlatforms) = preSolution
		Debug|ARM = Debug|ARM
		Debug|x64 = Debug|x64
		Debug|x86 = Debug|x86
		Release|ARM = Release|ARM
		Release|x64 = Release|x64
		Release|x86 = Release|x86
	EndGlobalSection
	GlobalSection(ProjectConfigurationPlatforms) = postSolution
		{CA183E6F-3035-4F6F-8CF5-3F9FD13706E7}.Debug|ARM.ActiveCfg = Debug|ARM
		{CA183E6F-3035-4F6F-8CF5-3F9FD13706E7}.Debug|ARM.Build.0 = Debug|ARM
		{CA183E6F-3035-4F6F-8CF5-3F9FD13706E7}.Debug|ARM.Deploy.0 = Debug|ARM
		{CA183E6F-3035-4F6F-8CF5-3F9FD13706E7}.Debug|x64.ActiveCfg = Debug|x64
		{CA183E6F-3035-4F6F-8CF5-3F9FD13706E7}.Debug|x64.Build.0 = Debug|x64
		{CA183E6F-3035-4F6F-8CF5-3F9FD13706E7}.Debug|x64.Deploy.0 = Debug|x64
		{CA183E6F-3035-4F6F-8CF5-3F9FD13706E7}.Debug|x86.ActiveCfg = Debug|Win32
		{CA183E6F-3035-4F6F-8CF5-3F9FD13706E7}.Debug|x86.Build.0 = Debug|Win32
		{CA183E6F-3035-4F6F-8CF5-3F9FD13706E7}.Debug|x86.Deploy.0 = Debug|Win32
		{CA183E6F-3035-4F6F-8CF5-3F9FD13706E7}.Release|ARM.ActiveCfg = Release|ARM
		{CA183E6F-3035-4F6F-8CF5-3F9FD13706E7}.Release|ARM.Build.0 = Release|ARM
		{CA183E6F-3035-4F6F-8CF5-3F9FD13706E7}.Release|ARM.Deploy.0 = Release|ARM
		{CA183E6F-3035-4F6F-8CF5-3F9FD13706E7}.Release|x64.ActiveCfg = Release|x64
		{CA183E6F-3035-4F6F-8CF5-3F9FD13706E7}.Release|x64.Build.0 = Release|x64
		{CA183E6F-3035-4F6F-8CF5-3F9FD13706E7}.Release|x64.Deploy.0 = Release|x64
		{CA183E6F-3035-4F6F-8CF5-3F9FD13706E7}.Release|x86.ActiveCfg = Release|Win32
		{CA183E6F-3035-4F6F-8CF5-3F9FD13706E7}.Release|x86.Build.0 = Release|Win32
		{CA183E6F-3035-4F6F-8CF5-3F9FD13706E7}.Release|x86.Deploy.0 = Release|Win32
	EndGlobalSection
	GlobalSection(SolutionProperties) = preSolution
		HideSolutionNode = FALSE
	EndGlobalSection
	GlobalSection(ExtensibilityGlobals) = postSolution
		SolutionGuid = {DFCC6F74-BBCB-4F17-A058-A0B85EBC6A1F}
	EndGlobalSection
EndGlobal
