<?xml version="1.0" encoding="utf-8"?>
<Project ToolsVersion="15.0" xmlns="http://schemas.microsoft.com/developer/msbuild/2003">
  <ItemGroup>
    <Filter Include="Common">
      <UniqueIdentifier>ca183e6f-3035-4f6f-8cf5-3f9fd13706e7</UniqueIdentifier>
    </Filter>
    <Filter Include="Assets">
      <UniqueIdentifier>c7883cd9-9963-4162-93a3-edb5a10d7a6a</UniqueIdentifier>
      <Extensions>bmp;fbx;gif;jpg;jpeg;tga;tiff;tif;png</Extensions>
    </Filter>
  </ItemGroup>
  <ItemGroup>
    <ClCompile Include="pch.cpp" />
    <ClCompile Include="StartupTask.cpp" />
  </ItemGroup>
  <ItemGroup>
    <ClInclude Include="pch.h" />
    <ClInclude Include="StartupTask.h" />
  </ItemGroup>
  <ItemGroup>
    <AppxManifest Include="Package.appxmanifest" />
  </ItemGroup>
  <ItemGroup>
    <None Include="PowerBlockWinIoT_TemporaryKey.pfx" />
    <None Include="Package.StoreAssociation.xml" />
    <None Include="PowerBlockWinIoT_StoreKey.pfx" />
  </ItemGroup>
  <ItemGroup>
    <Image Include="Assets\LockScreenLogo.scale-200.png">
      <Filter>Assets</Filter>
    </Image>
    <Image Include="Assets\SplashScreen.scale-200.png">
      <Filter>Assets</Filter>
    </Image>
    <Image Include="Assets\Square150x150Logo.scale-200.png">
      <Filter>Assets</Filter>
    </Image>
    <Image Include="Assets\Square44x44Logo.scale-200.png">
      <Filter>Assets</Filter>
    </Image>
    <Image Include="Assets\Square44x44Logo.targetsize-24_altform-unplated.png">
      <Filter>Assets</Filter>
    </Image>
    <Image Include="Assets\StoreLogo.png">
      <Filter>Assets</Filter>
    </Image>
    <Image Include="Assets\Wide310x150Logo.scale-200.png">
      <Filter>Assets</Filter>
    </Image>
    <Image Include="Assets\Small\Small71x71Logo.scale-100.png">
      <Filter>Assets</Filter>
    </Image>
    <Image Include="Assets\Small\Small71x71Logo.scale-125.png">
      <Filter>Assets</Filter>
    </Image>
    <Image Include="Assets\Small\Small71x71Logo.scale-150.png">
      <Filter>Assets</Filter>
    </Image>
    <Image Include="Assets\Small\Small71x71Logo.scale-200.png">
      <Filter>Assets</Filter>
    </Image>
    <Image Include="Assets\Small\Small71x71Logo.scale-400.png">
      <Filter>Assets</Filter>
    </Image>
    <Image Include="Assets\Medium\Medium150x150Logo.scale-100.png">
      <Filter>Assets</Filter>
    </Image>
    <Image Include="Assets\Medium\Medium150x150Logo.scale-125.png">
      <Filter>Assets</Filter>
    </Image>
    <Image Include="Assets\Medium\Medium150x150Logo.scale-150.png">
      <Filter>Assets</Filter>
    </Image>
    <Image Include="Assets\Medium\Medium150x150Logo.scale-200.png">
      <Filter>Assets</Filter>
    </Image>
    <Image Include="Assets\Medium\Medium150x150Logo.scale-400.png">
      <Filter>Assets</Filter>
    </Image>
    <Image Include="Assets\Wide\Wide310x150Logo.scale-125.png">
      <Filter>Assets</Filter>
    </Image>
    <Image Include="Assets\Wide\Wide310x150Logo.scale-100.png">
      <Filter>Assets</Filter>
    </Image>
    <Image Include="Assets\Wide\Wide310x150Logo.scale-200.png">
      <Filter>Assets</Filter>
    </Image>
    <Image Include="Assets\Wide\Wide310x150Logo.scale-150.png">
      <Filter>Assets</Filter>
    </Image>
    <Image Include="Assets\Wide\Wide310x150Logo.scale-400.png">
      <Filter>Assets</Filter>
    </Image>
    <Image Include="Assets\Large\Large310x310Logo.scale-100.png">
      <Filter>Assets</Filter>
    </Image>
    <Image Include="Assets\Large\Large310x310Logo.scale-125.png">
      <Filter>Assets</Filter>
    </Image>
    <Image Include="Assets\Large\Large310x310Logo.scale-150.png">
      <Filter>Assets</Filter>
    </Image>
    <Image Include="Assets\Large\Large310x310Logo.scale-200.png">
      <Filter>Assets</Filter>
    </Image>
    <Image Include="Assets\Large\Large310x310Logo.scale-400.png">
      <Filter>Assets</Filter>
    </Image>
    <Image Include="Assets\AppList\AppList.targetsize-16_altform-unplated.png">
      <Filter>Assets</Filter>
    </Image>
    <Image Include="Assets\AppList\AppList.targetsize-24_altform-unplated.png">
      <Filter>Assets</Filter>
    </Image>
    <Image Include="Assets\AppList\AppList.targetsize-32_altform-unplated.png">
      <Filter>Assets</Filter>
    </Image>
    <Image Include="Assets\AppList\AppList.targetsize-48_altform-unplated.png">
      <Filter>Assets</Filter>
    </Image>
    <Image Include="Assets\AppList\AppList.targetsize-256_altform-unplated.png">
      <Filter>Assets</Filter>
    </Image>
    <Image Include="Assets\AppList\AppList.targetsize-20_altform-unplated.png">
      <Filter>Assets</Filter>
    </Image>
    <Image Include="Assets\AppList\AppList.targetsize-30_altform-unplated.png">
      <Filter>Assets</Filter>
    </Image>
    <Image Include="Assets\AppList\AppList.targetsize-36_altform-unplated.png">
      <Filter>Assets</Filter>
    </Image>
    <Image Include="Assets\AppList\AppList.targetsize-40_altform-unplated.png">
      <Filter>Assets</Filter>
    </Image>
    <Image Include="Assets\AppList\AppList.targetsize-60_altform-unplated.png">
      <Filter>Assets</Filter>
    </Image>
    <Image Include="Assets\AppList\AppList.targetsize-64_altform-unplated.png">
      <Filter>Assets</Filter>
    </Image>
    <Image Include="Assets\AppList\AppList.targetsize-72_altform-unplated.png">
      <Filter>Assets</Filter>
    </Image>
    <Image Include="Assets\AppList\AppList.targetsize-80_altform-unplated.png">
      <Filter>Assets</Filter>
    </Image>
    <Image Include="Assets\AppList\AppList.targetsize-96_altform-unplated.png">
      <Filter>Assets</Filter>
    </Image>
    <Image Include="Assets\AppList\AppList.targetsize-16.png">
      <Filter>Assets</Filter>
    </Image>
    <Image Include="Assets\AppList\AppList.targetsize-24.png">
      <Filter>Assets</Filter>
    </Image>
    <Image Include="Assets\AppList\AppList.targetsize-32.png">
      <Filter>Assets</Filter>
    </Image>
    <Image Include="Assets\AppList\AppList.targetsize-48.png">
      <Filter>Assets</Filter>
    </Image>
    <Image Include="Assets\AppList\AppList.targetsize-256.png">
      <Filter>Assets</Filter>
    </Image>
    <Image Include="Assets\AppList\AppList.targetsize-20.png">
      <Filter>Assets</Filter>
    </Image>
    <Image Include="Assets\AppList\AppList.targetsize-30.png">
      <Filter>Assets</Filter>
    </Image>
    <Image Include="Assets\AppList\AppList.targetsize-36.png">
      <Filter>Assets</Filter>
    </Image>
    <Image Include="Assets\AppList\AppList.targetsize-40.png">
      <Filter>Assets</Filter>
    </Image>
    <Image Include="Assets\AppList\AppList.targetsize-60.png">
      <Filter>Assets</Filter>
    </Image>
    <Image Include="Assets\AppList\AppList.targetsize-64.png">
      <Filter>Assets</Filter>
    </Image>
    <Image Include="Assets\AppList\AppList.targetsize-72.png">
      <Filter>Assets</Filter>
    </Image>
    <Image Include="Assets\AppList\AppList.targetsize-80.png">
      <Filter>Assets</Filter>
    </Image>
    <Image Include="Assets\AppList\AppList.targetsize-96.png">
      <Filter>Assets</Filter>
    </Image>
    <Image Include="Assets\AppList\AppList.scale-100.png">
      <Filter>Assets</Filter>
    </Image>
    <Image Include="Assets\AppList\AppList.scale-125.png">
      <Filter>Assets</Filter>
    </Image>
    <Image Include="Assets\AppList\AppList.scale-150.png">
      <Filter>Assets</Filter>
    </Image>
    <Image Include="Assets\AppList\AppList.scale-200.png">
      <Filter>Assets</Filter>
    </Image>
    <Image Include="Assets\AppList\AppList.scale-400.png">
      <Filter>Assets</Filter>
    </Image>
    <Image Include="Assets\SplashScreen\SplashScreen.scale-100.png">
      <Filter>Assets</Filter>
    </Image>
    <Image Include="Assets\SplashScreen\SplashScreen.scale-125.png">
      <Filter>Assets</Filter>
    </Image>
    <Image Include="Assets\SplashScreen\SplashScreen.scale-150.png">
      <Filter>Assets</Filter>
    </Image>
    <Image Include="Assets\SplashScreen\SplashScreen.scale-200.png">
      <Filter>Assets</Filter>
    </Image>
    <Image Include="Assets\SplashScreen\SplashScreen.scale-400.png">
      <Filter>Assets</Filter>
    </Image>
    <Image Include="Assets\Store\StoreLogo.scale-100.png">
      <Filter>Assets</Filter>
    </Image>
    <Image Include="Assets\Store\StoreLogo.scale-125.png">
      <Filter>Assets</Filter>
    </Image>
    <Image Include="Assets\Store\StoreLogo.scale-150.png">
      <Filter>Assets</Filter>
    </Image>
    <Image Include="Assets\Store\StoreLogo.scale-200.png">
      <Filter>Assets</Filter>
    </Image>
    <Image Include="Assets\Store\StoreLogo.scale-400.png">
      <Filter>Assets</Filter>
    </Image>
  </ItemGroup>
</Project>